
Microsoft Visual Studio Solution File, Format Version 12.00
# Visual Studio Express 2013 for Windows Desktop
VisualStudioVersion = 12.0.21005.1
MinimumVisualStudioVersion = 10.0.40219.1
Project("{8BC9CEB8-8B4A-11D0-8D11-00A0C91BC942}") = "haut-html", "haut-html\haut-html.vcxproj", "{E68D5ACD-7F22-43EC-850A-2131A435EEBB}"
EndProject
Project("{8BC9CEB8-8B4A-11D0-8D11-00A0C91BC942}") = "getlinks", "getlinks\getlinks.vcxproj", "{DE561E07-ED29-4D40-8659-907175244454}"
EndProject
Global
	GlobalSection(SolutionConfigurationPlatforms) = preSolution
		Debug|Win32 = Debug|Win32
		Release|Win32 = Release|Win32
	EndGlobalSection
	GlobalSection(ProjectConfigurationPlatforms) = postSolution
		{E68D5ACD-7F22-43EC-850A-2131A435EEBB}.Debug|Win32.ActiveCfg = Debug|Win32
		{E68D5ACD-7F22-43EC-850A-2131A435EEBB}.Debug|Win32.Build.0 = Debug|Win32
		{E68D5ACD-7F22-43EC-850A-2131A435EEBB}.Release|Win32.ActiveCfg = Release|Win32
		{E68D5ACD-7F22-43EC-850A-2131A435EEBB}.Release|Win32.Build.0 = Release|Win32
		{DE561E07-ED29-4D40-8659-907175244454}.Debug|Win32.ActiveCfg = Debug|Win32
		{DE561E07-ED29-4D40-8659-907175244454}.Debug|Win32.Build.0 = Debug|Win32
		{DE561E07-ED29-4D40-8659-907175244454}.Release|Win32.ActiveCfg = Release|Win32
		{DE561E07-ED29-4D40-8659-907175244454}.Release|Win32.Build.0 = Release|Win32
	EndGlobalSection
	GlobalSection(SolutionProperties) = preSolution
		HideSolutionNode = FALSE
	EndGlobalSection
EndGlobal
